
Microsoft Visual Studio Solution File, Format Version 12.00
# Visual Studio Version 17
VisualStudioVersion = 17.2.32616.157
MinimumVisualStudioVersion = 10.0.40219.1
Project("{9A19103F-16F7-4668-BE54-9A1E7A4F7556}") = "CosnoleSboM", "CosnoleSboM.csproj", "{28A516A1-F10F-4C6B-B292-71C65BD686FF}"
EndProject
Global
	GlobalSection(SolutionConfigurationPlatforms) = preSolution
		Debug|Any CPU = Debug|Any CPU
		Release|Any CPU = Release|Any CPU
	EndGlobalSection
	GlobalSection(ProjectConfigurationPlatforms) = postSolution
		{28A516A1-F10F-4C6B-B292-71C65BD686FF}.Debug|Any CPU.ActiveCfg = Debug|Any CPU
		{28A516A1-F10F-4C6B-B292-71C65BD686FF}.Debug|Any CPU.Build.0 = Debug|Any CPU
		{28A516A1-F10F-4C6B-B292-71C65BD686FF}.Release|Any CPU.ActiveCfg = Release|Any CPU
		{28A516A1-F10F-4C6B-B292-71C65BD686FF}.Release|Any CPU.Build.0 = Release|Any CPU
	EndGlobalSection
	GlobalSection(SolutionProperties) = preSolution
		HideSolutionNode = FALSE
	EndGlobalSection
	GlobalSection(ExtensibilityGlobals) = postSolution
		SolutionGuid = {DEDFC338-826C-4805-9597-538AA9EF2BA4}
	EndGlobalSection
EndGlobal
